// !$*UTF8*$!
{
	archiveVersion = 1;
	classes = {
	};
	objectVersion = 51;
	objects = {

/* Begin PBXBuildFile section */
		28C50FCD10E910388C52ED33 /* Pods_SchedulingApp.framework in Frameworks */ = {isa = PBXBuildFile; fileRef = 431F26CF1CC44103CF900E7D /* Pods_SchedulingApp.framework */; };
		2E140872242BB35C0090953D /* MenuViewController.swift in Sources */ = {isa = PBXBuildFile; fileRef = 2E140871242BB35C0090953D /* MenuViewController.swift */; };
		2E3B643E243E6B58000ADD0C /* Profile.swift in Sources */ = {isa = PBXBuildFile; fileRef = 2E3B643D243E6B58000ADD0C /* Profile.swift */; };
		2E3B6440243E7058000ADD0C /* Schedule.swift in Sources */ = {isa = PBXBuildFile; fileRef = 2E3B643F243E7058000ADD0C /* Schedule.swift */; };
		2E416FFC246355690083A650 /* CodeDump.swift in Sources */ = {isa = PBXBuildFile; fileRef = 2E416FFB246355690083A650 /* CodeDump.swift */; };
		2E4A7161243E38560002DECF /* AddPeopleViewController.swift in Sources */ = {isa = PBXBuildFile; fileRef = 2E4A7160243E38560002DECF /* AddPeopleViewController.swift */; };
		2E7CCD5C243AA0D800BB211D /* FilterViewController.swift in Sources */ = {isa = PBXBuildFile; fileRef = 2E7CCD5B243AA0D800BB211D /* FilterViewController.swift */; };
		2E7CCD5E243AA20900BB211D /* ProfileSettingViewController.swift in Sources */ = {isa = PBXBuildFile; fileRef = 2E7CCD5D243AA20900BB211D /* ProfileSettingViewController.swift */; };
		2E7CCD60243BC32E00BB211D /* SlideInTransition.swift in Sources */ = {isa = PBXBuildFile; fileRef = 2E7CCD5F243BC32E00BB211D /* SlideInTransition.swift */; };
		6E407429242BA2E10024923B /* AppDelegate.swift in Sources */ = {isa = PBXBuildFile; fileRef = 6E407428242BA2E10024923B /* AppDelegate.swift */; };
		6E40742B242BA2E10024923B /* SceneDelegate.swift in Sources */ = {isa = PBXBuildFile; fileRef = 6E40742A242BA2E10024923B /* SceneDelegate.swift */; };
		6E40742D242BA2E10024923B /* HomeViewController.swift in Sources */ = {isa = PBXBuildFile; fileRef = 6E40742C242BA2E10024923B /* HomeViewController.swift */; };
		6E407430242BA2E10024923B /* Main.storyboard in Resources */ = {isa = PBXBuildFile; fileRef = 6E40742E242BA2E10024923B /* Main.storyboard */; };
		6E407432242BA2E60024923B /* Assets.xcassets in Resources */ = {isa = PBXBuildFile; fileRef = 6E407431242BA2E60024923B /* Assets.xcassets */; };
		6E407435242BA2E60024923B /* LaunchScreen.storyboard in Resources */ = {isa = PBXBuildFile; fileRef = 6E407433242BA2E60024923B /* LaunchScreen.storyboard */; };
		6E407440242BA2E60024923B /* SchedulingAppTests.swift in Sources */ = {isa = PBXBuildFile; fileRef = 6E40743F242BA2E60024923B /* SchedulingAppTests.swift */; };
		6E40744B242BA2E60024923B /* SchedulingAppUITests.swift in Sources */ = {isa = PBXBuildFile; fileRef = 6E40744A242BA2E60024923B /* SchedulingAppUITests.swift */; };
		D6BAD88AE92C88FA094EE754 /* Pods_SchedulingApp_SchedulingAppUITests.framework in Frameworks */ = {isa = PBXBuildFile; fileRef = FAA2CD87354717D39B9DD41D /* Pods_SchedulingApp_SchedulingAppUITests.framework */; };
		DAEA113273D1493F73509682 /* Pods_SchedulingAppTests.framework in Frameworks */ = {isa = PBXBuildFile; fileRef = 502F00C15FF3240C616DC77D /* Pods_SchedulingAppTests.framework */; };
/* End PBXBuildFile section */

/* Begin PBXContainerItemProxy section */
		6E40743C242BA2E60024923B /* PBXContainerItemProxy */ = {
			isa = PBXContainerItemProxy;
			containerPortal = 6E40741D242BA2E10024923B /* Project object */;
			proxyType = 1;
			remoteGlobalIDString = 6E407424242BA2E10024923B;
			remoteInfo = SchedulingApp;
		};
		6E407447242BA2E60024923B /* PBXContainerItemProxy */ = {
			isa = PBXContainerItemProxy;
			containerPortal = 6E40741D242BA2E10024923B /* Project object */;
			proxyType = 1;
			remoteGlobalIDString = 6E407424242BA2E10024923B;
			remoteInfo = SchedulingApp;
		};
/* End PBXContainerItemProxy section */

/* Begin PBXFileReference section */
		21CC9CEA9E9A9A22BBD58C6C /* Pods-SchedulingApp-SchedulingAppUITests.debug.xcconfig */ = {isa = PBXFileReference; includeInIndex = 1; lastKnownFileType = text.xcconfig; name = "Pods-SchedulingApp-SchedulingAppUITests.debug.xcconfig"; path = "Target Support Files/Pods-SchedulingApp-SchedulingAppUITests/Pods-SchedulingApp-SchedulingAppUITests.debug.xcconfig"; sourceTree = "<group>"; };
		2E140871242BB35C0090953D /* MenuViewController.swift */ = {isa = PBXFileReference; lastKnownFileType = sourcecode.swift; path = MenuViewController.swift; sourceTree = "<group>"; };
		2E3B643D243E6B58000ADD0C /* Profile.swift */ = {isa = PBXFileReference; lastKnownFileType = sourcecode.swift; path = Profile.swift; sourceTree = "<group>"; };
		2E3B643F243E7058000ADD0C /* Schedule.swift */ = {isa = PBXFileReference; lastKnownFileType = sourcecode.swift; path = Schedule.swift; sourceTree = "<group>"; };
		2E416FFB246355690083A650 /* CodeDump.swift */ = {isa = PBXFileReference; lastKnownFileType = sourcecode.swift; path = CodeDump.swift; sourceTree = "<group>"; };
		2E4A7160243E38560002DECF /* AddPeopleViewController.swift */ = {isa = PBXFileReference; lastKnownFileType = sourcecode.swift; path = AddPeopleViewController.swift; sourceTree = "<group>"; };
		2E7CCD5B243AA0D800BB211D /* FilterViewController.swift */ = {isa = PBXFileReference; lastKnownFileType = sourcecode.swift; path = FilterViewController.swift; sourceTree = "<group>"; };
		2E7CCD5D243AA20900BB211D /* ProfileSettingViewController.swift */ = {isa = PBXFileReference; lastKnownFileType = sourcecode.swift; path = ProfileSettingViewController.swift; sourceTree = "<group>"; };
		2E7CCD5F243BC32E00BB211D /* SlideInTransition.swift */ = {isa = PBXFileReference; lastKnownFileType = sourcecode.swift; path = SlideInTransition.swift; sourceTree = "<group>"; };
		431F26CF1CC44103CF900E7D /* Pods_SchedulingApp.framework */ = {isa = PBXFileReference; explicitFileType = wrapper.framework; includeInIndex = 0; path = Pods_SchedulingApp.framework; sourceTree = BUILT_PRODUCTS_DIR; };
		502F00C15FF3240C616DC77D /* Pods_SchedulingAppTests.framework */ = {isa = PBXFileReference; explicitFileType = wrapper.framework; includeInIndex = 0; path = Pods_SchedulingAppTests.framework; sourceTree = BUILT_PRODUCTS_DIR; };
		6E407425242BA2E10024923B /* SchedulingApp.app */ = {isa = PBXFileReference; explicitFileType = wrapper.application; includeInIndex = 0; path = SchedulingApp.app; sourceTree = BUILT_PRODUCTS_DIR; };
		6E407428242BA2E10024923B /* AppDelegate.swift */ = {isa = PBXFileReference; lastKnownFileType = sourcecode.swift; path = AppDelegate.swift; sourceTree = "<group>"; };
		6E40742A242BA2E10024923B /* SceneDelegate.swift */ = {isa = PBXFileReference; lastKnownFileType = sourcecode.swift; path = SceneDelegate.swift; sourceTree = "<group>"; };
		6E40742C242BA2E10024923B /* HomeViewController.swift */ = {isa = PBXFileReference; lastKnownFileType = sourcecode.swift; path = HomeViewController.swift; sourceTree = "<group>"; };
		6E40742F242BA2E10024923B /* Base */ = {isa = PBXFileReference; lastKnownFileType = file.storyboard; name = Base; path = Base.lproj/Main.storyboard; sourceTree = "<group>"; };
		6E407431242BA2E60024923B /* Assets.xcassets */ = {isa = PBXFileReference; lastKnownFileType = folder.assetcatalog; path = Assets.xcassets; sourceTree = "<group>"; };
		6E407434242BA2E60024923B /* Base */ = {isa = PBXFileReference; lastKnownFileType = file.storyboard; name = Base; path = Base.lproj/LaunchScreen.storyboard; sourceTree = "<group>"; };
		6E407436242BA2E60024923B /* Info.plist */ = {isa = PBXFileReference; lastKnownFileType = text.plist.xml; path = Info.plist; sourceTree = "<group>"; };
		6E40743B242BA2E60024923B /* SchedulingAppTests.xctest */ = {isa = PBXFileReference; explicitFileType = wrapper.cfbundle; includeInIndex = 0; path = SchedulingAppTests.xctest; sourceTree = BUILT_PRODUCTS_DIR; };
		6E40743F242BA2E60024923B /* SchedulingAppTests.swift */ = {isa = PBXFileReference; lastKnownFileType = sourcecode.swift; path = SchedulingAppTests.swift; sourceTree = "<group>"; };
		6E407441242BA2E60024923B /* Info.plist */ = {isa = PBXFileReference; lastKnownFileType = text.plist.xml; path = Info.plist; sourceTree = "<group>"; };
		6E407446242BA2E60024923B /* SchedulingAppUITests.xctest */ = {isa = PBXFileReference; explicitFileType = wrapper.cfbundle; includeInIndex = 0; path = SchedulingAppUITests.xctest; sourceTree = BUILT_PRODUCTS_DIR; };
		6E40744A242BA2E60024923B /* SchedulingAppUITests.swift */ = {isa = PBXFileReference; lastKnownFileType = sourcecode.swift; path = SchedulingAppUITests.swift; sourceTree = "<group>"; };
		6E40744C242BA2E60024923B /* Info.plist */ = {isa = PBXFileReference; lastKnownFileType = text.plist.xml; path = Info.plist; sourceTree = "<group>"; };
		95C97EF69714BF46DED11EFA /* Pods-SchedulingAppTests.debug.xcconfig */ = {isa = PBXFileReference; includeInIndex = 1; lastKnownFileType = text.xcconfig; name = "Pods-SchedulingAppTests.debug.xcconfig"; path = "Target Support Files/Pods-SchedulingAppTests/Pods-SchedulingAppTests.debug.xcconfig"; sourceTree = "<group>"; };
		9A68EC6420C8AEA6D76B16F7 /* Pods-SchedulingApp-SchedulingAppUITests.release.xcconfig */ = {isa = PBXFileReference; includeInIndex = 1; lastKnownFileType = text.xcconfig; name = "Pods-SchedulingApp-SchedulingAppUITests.release.xcconfig"; path = "Target Support Files/Pods-SchedulingApp-SchedulingAppUITests/Pods-SchedulingApp-SchedulingAppUITests.release.xcconfig"; sourceTree = "<group>"; };
		AE6045DCDF1EF434342D6536 /* Pods-SchedulingApp.debug.xcconfig */ = {isa = PBXFileReference; includeInIndex = 1; lastKnownFileType = text.xcconfig; name = "Pods-SchedulingApp.debug.xcconfig"; path = "Target Support Files/Pods-SchedulingApp/Pods-SchedulingApp.debug.xcconfig"; sourceTree = "<group>"; };
		BDC308AA510A5B97845E9827 /* Pods-SchedulingApp.release.xcconfig */ = {isa = PBXFileReference; includeInIndex = 1; lastKnownFileType = text.xcconfig; name = "Pods-SchedulingApp.release.xcconfig"; path = "Target Support Files/Pods-SchedulingApp/Pods-SchedulingApp.release.xcconfig"; sourceTree = "<group>"; };
		FAA2CD87354717D39B9DD41D /* Pods_SchedulingApp_SchedulingAppUITests.framework */ = {isa = PBXFileReference; explicitFileType = wrapper.framework; includeInIndex = 0; path = Pods_SchedulingApp_SchedulingAppUITests.framework; sourceTree = BUILT_PRODUCTS_DIR; };
		FC8DE129ABBDF3AE9BC0BBE5 /* Pods-SchedulingAppTests.release.xcconfig */ = {isa = PBXFileReference; includeInIndex = 1; lastKnownFileType = text.xcconfig; name = "Pods-SchedulingAppTests.release.xcconfig"; path = "Target Support Files/Pods-SchedulingAppTests/Pods-SchedulingAppTests.release.xcconfig"; sourceTree = "<group>"; };
/* End PBXFileReference section */

/* Begin PBXFrameworksBuildPhase section */
		6E407422242BA2E10024923B /* Frameworks */ = {
			isa = PBXFrameworksBuildPhase;
			buildActionMask = 2147483647;
			files = (
				28C50FCD10E910388C52ED33 /* Pods_SchedulingApp.framework in Frameworks */,
			);
			runOnlyForDeploymentPostprocessing = 0;
		};
		6E407438242BA2E60024923B /* Frameworks */ = {
			isa = PBXFrameworksBuildPhase;
			buildActionMask = 2147483647;
			files = (
				DAEA113273D1493F73509682 /* Pods_SchedulingAppTests.framework in Frameworks */,
			);
			runOnlyForDeploymentPostprocessing = 0;
		};
		6E407443242BA2E60024923B /* Frameworks */ = {
			isa = PBXFrameworksBuildPhase;
			buildActionMask = 2147483647;
			files = (
				D6BAD88AE92C88FA094EE754 /* Pods_SchedulingApp_SchedulingAppUITests.framework in Frameworks */,
			);
			runOnlyForDeploymentPostprocessing = 0;
		};
/* End PBXFrameworksBuildPhase section */

/* Begin PBXGroup section */
		2E3B643A243E68F6000ADD0C /* Model */ = {
			isa = PBXGroup;
			children = (
				2E3B643D243E6B58000ADD0C /* Profile.swift */,
				2E3B643F243E7058000ADD0C /* Schedule.swift */,
			);
			path = Model;
			sourceTree = "<group>";
		};
		2E3B643B243E6919000ADD0C /* View */ = {
			isa = PBXGroup;
			children = (
				2E7CCD5F243BC32E00BB211D /* SlideInTransition.swift */,
			);
			path = View;
			sourceTree = "<group>";
		};
		6E40741C242BA2E10024923B = {
			isa = PBXGroup;
			children = (
				6E407427242BA2E10024923B /* SchedulingApp */,
				6E40743E242BA2E60024923B /* SchedulingAppTests */,
				6E407449242BA2E60024923B /* SchedulingAppUITests */,
				6E407426242BA2E10024923B /* Products */,
				D9E18C535D74F84294E5274C /* Pods */,
				8DF052C088DEA0F0BB54D8F3 /* Frameworks */,
			);
			sourceTree = "<group>";
		};
		6E407426242BA2E10024923B /* Products */ = {
			isa = PBXGroup;
			children = (
				6E407425242BA2E10024923B /* SchedulingApp.app */,
				6E40743B242BA2E60024923B /* SchedulingAppTests.xctest */,
				6E407446242BA2E60024923B /* SchedulingAppUITests.xctest */,
			);
			name = Products;
			sourceTree = "<group>";
		};
		6E407427242BA2E10024923B /* SchedulingApp */ = {
			isa = PBXGroup;
			children = (
				6E407428242BA2E10024923B /* AppDelegate.swift */,
				6E40742A242BA2E10024923B /* SceneDelegate.swift */,
				2E3B643A243E68F6000ADD0C /* Model */,
				2E3B643B243E6919000ADD0C /* View */,
				6E40742C242BA2E10024923B /* HomeViewController.swift */,
				2E4A7160243E38560002DECF /* AddPeopleViewController.swift */,
				2E7CCD5D243AA20900BB211D /* ProfileSettingViewController.swift */,
				2E7CCD5B243AA0D800BB211D /* FilterViewController.swift */,
				2E140871242BB35C0090953D /* MenuViewController.swift */,
				6E40742E242BA2E10024923B /* Main.storyboard */,
				6E407431242BA2E60024923B /* Assets.xcassets */,
				6E407433242BA2E60024923B /* LaunchScreen.storyboard */,
				6E407436242BA2E60024923B /* Info.plist */,
				2E416FFB246355690083A650 /* CodeDump.swift */,
			);
			path = SchedulingApp;
			sourceTree = "<group>";
		};
		6E40743E242BA2E60024923B /* SchedulingAppTests */ = {
			isa = PBXGroup;
			children = (
				6E40743F242BA2E60024923B /* SchedulingAppTests.swift */,
				6E407441242BA2E60024923B /* Info.plist */,
			);
			path = SchedulingAppTests;
			sourceTree = "<group>";
		};
		6E407449242BA2E60024923B /* SchedulingAppUITests */ = {
			isa = PBXGroup;
			children = (
				6E40744A242BA2E60024923B /* SchedulingAppUITests.swift */,
				6E40744C242BA2E60024923B /* Info.plist */,
			);
			path = SchedulingAppUITests;
			sourceTree = "<group>";
		};
		8DF052C088DEA0F0BB54D8F3 /* Frameworks */ = {
			isa = PBXGroup;
			children = (
				431F26CF1CC44103CF900E7D /* Pods_SchedulingApp.framework */,
				FAA2CD87354717D39B9DD41D /* Pods_SchedulingApp_SchedulingAppUITests.framework */,
				502F00C15FF3240C616DC77D /* Pods_SchedulingAppTests.framework */,
			);
			name = Frameworks;
			sourceTree = "<group>";
		};
		D9E18C535D74F84294E5274C /* Pods */ = {
			isa = PBXGroup;
			children = (
				AE6045DCDF1EF434342D6536 /* Pods-SchedulingApp.debug.xcconfig */,
				BDC308AA510A5B97845E9827 /* Pods-SchedulingApp.release.xcconfig */,
				21CC9CEA9E9A9A22BBD58C6C /* Pods-SchedulingApp-SchedulingAppUITests.debug.xcconfig */,
				9A68EC6420C8AEA6D76B16F7 /* Pods-SchedulingApp-SchedulingAppUITests.release.xcconfig */,
				95C97EF69714BF46DED11EFA /* Pods-SchedulingAppTests.debug.xcconfig */,
				FC8DE129ABBDF3AE9BC0BBE5 /* Pods-SchedulingAppTests.release.xcconfig */,
			);
			path = Pods;
			sourceTree = "<group>";
		};
/* End PBXGroup section */

/* Begin PBXNativeTarget section */
		6E407424242BA2E10024923B /* SchedulingApp */ = {
			isa = PBXNativeTarget;
			buildConfigurationList = 6E40744F242BA2E60024923B /* Build configuration list for PBXNativeTarget "SchedulingApp" */;
			buildPhases = (
				C915917B63D4DE8793D72C83 /* [CP] Check Pods Manifest.lock */,
				6E407421242BA2E10024923B /* Sources */,
				6E407422242BA2E10024923B /* Frameworks */,
				6E407423242BA2E10024923B /* Resources */,
				232EC7DED682922BB8E21245 /* [CP] Embed Pods Frameworks */,
			);
			buildRules = (
			);
			dependencies = (
			);
			name = SchedulingApp;
			productName = SchedulingApp;
			productReference = 6E407425242BA2E10024923B /* SchedulingApp.app */;
			productType = "com.apple.product-type.application";
		};
		6E40743A242BA2E60024923B /* SchedulingAppTests */ = {
			isa = PBXNativeTarget;
			buildConfigurationList = 6E407452242BA2E60024923B /* Build configuration list for PBXNativeTarget "SchedulingAppTests" */;
			buildPhases = (
				242A44EF8F7DB0FDF74DADF1 /* [CP] Check Pods Manifest.lock */,
				6E407437242BA2E60024923B /* Sources */,
				6E407438242BA2E60024923B /* Frameworks */,
				6E407439242BA2E60024923B /* Resources */,
			);
			buildRules = (
			);
			dependencies = (
				6E40743D242BA2E60024923B /* PBXTargetDependency */,
			);
			name = SchedulingAppTests;
			productName = SchedulingAppTests;
			productReference = 6E40743B242BA2E60024923B /* SchedulingAppTests.xctest */;
			productType = "com.apple.product-type.bundle.unit-test";
		};
		6E407445242BA2E60024923B /* SchedulingAppUITests */ = {
			isa = PBXNativeTarget;
			buildConfigurationList = 6E407455242BA2E60024923B /* Build configuration list for PBXNativeTarget "SchedulingAppUITests" */;
			buildPhases = (
				C279C1E43A9958D25A5DA8DA /* [CP] Check Pods Manifest.lock */,
				6E407442242BA2E60024923B /* Sources */,
				6E407443242BA2E60024923B /* Frameworks */,
				6E407444242BA2E60024923B /* Resources */,
				99683A8CE144301DFF33EBD1 /* [CP] Embed Pods Frameworks */,
			);
			buildRules = (
			);
			dependencies = (
				6E407448242BA2E60024923B /* PBXTargetDependency */,
			);
			name = SchedulingAppUITests;
			productName = SchedulingAppUITests;
			productReference = 6E407446242BA2E60024923B /* SchedulingAppUITests.xctest */;
			productType = "com.apple.product-type.bundle.ui-testing";
		};
/* End PBXNativeTarget section */

/* Begin PBXProject section */
		6E40741D242BA2E10024923B /* Project object */ = {
			isa = PBXProject;
			attributes = {
				LastSwiftUpdateCheck = 1130;
				LastUpgradeCheck = 1130;
				ORGANIZATIONNAME = PWGTC;
				TargetAttributes = {
					6E407424242BA2E10024923B = {
						CreatedOnToolsVersion = 11.3.1;
					};
					6E40743A242BA2E60024923B = {
						CreatedOnToolsVersion = 11.3.1;
						TestTargetID = 6E407424242BA2E10024923B;
					};
					6E407445242BA2E60024923B = {
						CreatedOnToolsVersion = 11.3.1;
						TestTargetID = 6E407424242BA2E10024923B;
					};
				};
			};
			buildConfigurationList = 6E407420242BA2E10024923B /* Build configuration list for PBXProject "SchedulingApp" */;
			compatibilityVersion = "Xcode 9.3";
			developmentRegion = en;
			hasScannedForEncodings = 0;
			knownRegions = (
				en,
				Base,
			);
			mainGroup = 6E40741C242BA2E10024923B;
			productRefGroup = 6E407426242BA2E10024923B /* Products */;
			projectDirPath = "";
			projectRoot = "";
			targets = (
				6E407424242BA2E10024923B /* SchedulingApp */,
				6E40743A242BA2E60024923B /* SchedulingAppTests */,
				6E407445242BA2E60024923B /* SchedulingAppUITests */,
			);
		};
/* End PBXProject section */

/* Begin PBXResourcesBuildPhase section */
		6E407423242BA2E10024923B /* Resources */ = {
			isa = PBXResourcesBuildPhase;
			buildActionMask = 2147483647;
			files = (
				6E407435242BA2E60024923B /* LaunchScreen.storyboard in Resources */,
				6E407432242BA2E60024923B /* Assets.xcassets in Resources */,
				6E407430242BA2E10024923B /* Main.storyboard in Resources */,
			);
			runOnlyForDeploymentPostprocessing = 0;
		};
		6E407439242BA2E60024923B /* Resources */ = {
			isa = PBXResourcesBuildPhase;
			buildActionMask = 2147483647;
			files = (
			);
			runOnlyForDeploymentPostprocessing = 0;
		};
		6E407444242BA2E60024923B /* Resources */ = {
			isa = PBXResourcesBuildPhase;
			buildActionMask = 2147483647;
			files = (
			);
			runOnlyForDeploymentPostprocessing = 0;
		};
/* End PBXResourcesBuildPhase section */

/* Begin PBXShellScriptBuildPhase section */
		232EC7DED682922BB8E21245 /* [CP] Embed Pods Frameworks */ = {
			isa = PBXShellScriptBuildPhase;
			buildActionMask = 2147483647;
			files = (
			);
			inputFileListPaths = (
				"${PODS_ROOT}/Target Support Files/Pods-SchedulingApp/Pods-SchedulingApp-frameworks-${CONFIGURATION}-input-files.xcfilelist",
			);
			name = "[CP] Embed Pods Frameworks";
			outputFileListPaths = (
				"${PODS_ROOT}/Target Support Files/Pods-SchedulingApp/Pods-SchedulingApp-frameworks-${CONFIGURATION}-output-files.xcfilelist",
			);
			runOnlyForDeploymentPostprocessing = 0;
			shellPath = /bin/sh;
			shellScript = "\"${PODS_ROOT}/Target Support Files/Pods-SchedulingApp/Pods-SchedulingApp-frameworks.sh\"\n";
			showEnvVarsInLog = 0;
		};
		242A44EF8F7DB0FDF74DADF1 /* [CP] Check Pods Manifest.lock */ = {
			isa = PBXShellScriptBuildPhase;
			buildActionMask = 2147483647;
			files = (
			);
			inputFileListPaths = (
			);
			inputPaths = (
				"${PODS_PODFILE_DIR_PATH}/Podfile.lock",
				"${PODS_ROOT}/Manifest.lock",
			);
			name = "[CP] Check Pods Manifest.lock";
			outputFileListPaths = (
			);
			outputPaths = (
				"$(DERIVED_FILE_DIR)/Pods-SchedulingAppTests-checkManifestLockResult.txt",
			);
			runOnlyForDeploymentPostprocessing = 0;
			shellPath = /bin/sh;
			shellScript = "diff \"${PODS_PODFILE_DIR_PATH}/Podfile.lock\" \"${PODS_ROOT}/Manifest.lock\" > /dev/null\nif [ $? != 0 ] ; then\n    # print error to STDERR\n    echo \"error: The sandbox is not in sync with the Podfile.lock. Run 'pod install' or update your CocoaPods installation.\" >&2\n    exit 1\nfi\n# This output is used by Xcode 'outputs' to avoid re-running this script phase.\necho \"SUCCESS\" > \"${SCRIPT_OUTPUT_FILE_0}\"\n";
			showEnvVarsInLog = 0;
		};
		99683A8CE144301DFF33EBD1 /* [CP] Embed Pods Frameworks */ = {
			isa = PBXShellScriptBuildPhase;
			buildActionMask = 2147483647;
			files = (
			);
			inputFileListPaths = (
				"${PODS_ROOT}/Target Support Files/Pods-SchedulingApp-SchedulingAppUITests/Pods-SchedulingApp-SchedulingAppUITests-frameworks-${CONFIGURATION}-input-files.xcfilelist",
			);
			name = "[CP] Embed Pods Frameworks";
			outputFileListPaths = (
				"${PODS_ROOT}/Target Support Files/Pods-SchedulingApp-SchedulingAppUITests/Pods-SchedulingApp-SchedulingAppUITests-frameworks-${CONFIGURATION}-output-files.xcfilelist",
			);
			runOnlyForDeploymentPostprocessing = 0;
			shellPath = /bin/sh;
			shellScript = "\"${PODS_ROOT}/Target Support Files/Pods-SchedulingApp-SchedulingAppUITests/Pods-SchedulingApp-SchedulingAppUITests-frameworks.sh\"\n";
			showEnvVarsInLog = 0;
		};
		C279C1E43A9958D25A5DA8DA /* [CP] Check Pods Manifest.lock */ = {
			isa = PBXShellScriptBuildPhase;
			buildActionMask = 2147483647;
			files = (
			);
			inputFileListPaths = (
			);
			inputPaths = (
				"${PODS_PODFILE_DIR_PATH}/Podfile.lock",
				"${PODS_ROOT}/Manifest.lock",
			);
			name = "[CP] Check Pods Manifest.lock";
			outputFileListPaths = (
			);
			outputPaths = (
				"$(DERIVED_FILE_DIR)/Pods-SchedulingApp-SchedulingAppUITests-checkManifestLockResult.txt",
			);
			runOnlyForDeploymentPostprocessing = 0;
			shellPath = /bin/sh;
			shellScript = "diff \"${PODS_PODFILE_DIR_PATH}/Podfile.lock\" \"${PODS_ROOT}/Manifest.lock\" > /dev/null\nif [ $? != 0 ] ; then\n    # print error to STDERR\n    echo \"error: The sandbox is not in sync with the Podfile.lock. Run 'pod install' or update your CocoaPods installation.\" >&2\n    exit 1\nfi\n# This output is used by Xcode 'outputs' to avoid re-running this script phase.\necho \"SUCCESS\" > \"${SCRIPT_OUTPUT_FILE_0}\"\n";
			showEnvVarsInLog = 0;
		};
		C915917B63D4DE8793D72C83 /* [CP] Check Pods Manifest.lock */ = {
			isa = PBXShellScriptBuildPhase;
			buildActionMask = 2147483647;
			files = (
			);
			inputFileListPaths = (
			);
			inputPaths = (
				"${PODS_PODFILE_DIR_PATH}/Podfile.lock",
				"${PODS_ROOT}/Manifest.lock",
			);
			name = "[CP] Check Pods Manifest.lock";
			outputFileListPaths = (
			);
			outputPaths = (
				"$(DERIVED_FILE_DIR)/Pods-SchedulingApp-checkManifestLockResult.txt",
			);
			runOnlyForDeploymentPostprocessing = 0;
			shellPath = /bin/sh;
			shellScript = "diff \"${PODS_PODFILE_DIR_PATH}/Podfile.lock\" \"${PODS_ROOT}/Manifest.lock\" > /dev/null\nif [ $? != 0 ] ; then\n    # print error to STDERR\n    echo \"error: The sandbox is not in sync with the Podfile.lock. Run 'pod install' or update your CocoaPods installation.\" >&2\n    exit 1\nfi\n# This output is used by Xcode 'outputs' to avoid re-running this script phase.\necho \"SUCCESS\" > \"${SCRIPT_OUTPUT_FILE_0}\"\n";
			showEnvVarsInLog = 0;
		};
/* End PBXShellScriptBuildPhase section */

/* Begin PBXSourcesBuildPhase section */
		6E407421242BA2E10024923B /* Sources */ = {
			isa = PBXSourcesBuildPhase;
			buildActionMask = 2147483647;
			files = (
				6E40742D242BA2E10024923B /* HomeViewController.swift in Sources */,
				6E407429242BA2E10024923B /* AppDelegate.swift in Sources */,
				2E416FFC246355690083A650 /* CodeDump.swift in Sources */,
				6E40742B242BA2E10024923B /* SceneDelegate.swift in Sources */,
				2E140872242BB35C0090953D /* MenuViewController.swift in Sources */,
				2E7CCD60243BC32E00BB211D /* SlideInTransition.swift in Sources */,
				2E4A7161243E38560002DECF /* AddPeopleViewController.swift in Sources */,
				2E7CCD5C243AA0D800BB211D /* FilterViewController.swift in Sources */,
				2E3B643E243E6B58000ADD0C /* Profile.swift in Sources */,
				2E3B6440243E7058000ADD0C /* Schedule.swift in Sources */,
				2E7CCD5E243AA20900BB211D /* ProfileSettingViewController.swift in Sources */,
			);
			runOnlyForDeploymentPostprocessing = 0;
		};
		6E407437242BA2E60024923B /* Sources */ = {
			isa = PBXSourcesBuildPhase;
			buildActionMask = 2147483647;
			files = (
				6E407440242BA2E60024923B /* SchedulingAppTests.swift in Sources */,
			);
			runOnlyForDeploymentPostprocessing = 0;
		};
		6E407442242BA2E60024923B /* Sources */ = {
			isa = PBXSourcesBuildPhase;
			buildActionMask = 2147483647;
			files = (
				6E40744B242BA2E60024923B /* SchedulingAppUITests.swift in Sources */,
			);
			runOnlyForDeploymentPostprocessing = 0;
		};
/* End PBXSourcesBuildPhase section */

/* Begin PBXTargetDependency section */
		6E40743D242BA2E60024923B /* PBXTargetDependency */ = {
			isa = PBXTargetDependency;
			target = 6E407424242BA2E10024923B /* SchedulingApp */;
			targetProxy = 6E40743C242BA2E60024923B /* PBXContainerItemProxy */;
		};
		6E407448242BA2E60024923B /* PBXTargetDependency */ = {
			isa = PBXTargetDependency;
			target = 6E407424242BA2E10024923B /* SchedulingApp */;
			targetProxy = 6E407447242BA2E60024923B /* PBXContainerItemProxy */;
		};
/* End PBXTargetDependency section */

/* Begin PBXVariantGroup section */
		6E40742E242BA2E10024923B /* Main.storyboard */ = {
			isa = PBXVariantGroup;
			children = (
				6E40742F242BA2E10024923B /* Base */,
			);
			name = Main.storyboard;
			sourceTree = "<group>";
		};
		6E407433242BA2E60024923B /* LaunchScreen.storyboard */ = {
			isa = PBXVariantGroup;
			children = (
				6E407434242BA2E60024923B /* Base */,
			);
			name = LaunchScreen.storyboard;
			sourceTree = "<group>";
		};
/* End PBXVariantGroup section */

/* Begin XCBuildConfiguration section */
		6E40744D242BA2E60024923B /* Debug */ = {
			isa = XCBuildConfiguration;
			buildSettings = {
				ALWAYS_SEARCH_USER_PATHS = NO;
				CLANG_ANALYZER_NONNULL = YES;
				CLANG_ANALYZER_NUMBER_OBJECT_CONVERSION = YES_AGGRESSIVE;
				CLANG_CXX_LANGUAGE_STANDARD = "gnu++14";
				CLANG_CXX_LIBRARY = "libc++";
				CLANG_ENABLE_MODULES = YES;
				CLANG_ENABLE_OBJC_ARC = YES;
				CLANG_ENABLE_OBJC_WEAK = YES;
				CLANG_WARN_BLOCK_CAPTURE_AUTORELEASING = YES;
				CLANG_WARN_BOOL_CONVERSION = YES;
				CLANG_WARN_COMMA = YES;
				CLANG_WARN_CONSTANT_CONVERSION = YES;
				CLANG_WARN_DEPRECATED_OBJC_IMPLEMENTATIONS = YES;
				CLANG_WARN_DIRECT_OBJC_ISA_USAGE = YES_ERROR;
				CLANG_WARN_DOCUMENTATION_COMMENTS = YES;
				CLANG_WARN_EMPTY_BODY = YES;
				CLANG_WARN_ENUM_CONVERSION = YES;
				CLANG_WARN_INFINITE_RECURSION = YES;
				CLANG_WARN_INT_CONVERSION = YES;
				CLANG_WARN_NON_LITERAL_NULL_CONVERSION = YES;
				CLANG_WARN_OBJC_IMPLICIT_RETAIN_SELF = YES;
				CLANG_WARN_OBJC_LITERAL_CONVERSION = YES;
				CLANG_WARN_OBJC_ROOT_CLASS = YES_ERROR;
				CLANG_WARN_RANGE_LOOP_ANALYSIS = YES;
				CLANG_WARN_STRICT_PROTOTYPES = YES;
				CLANG_WARN_SUSPICIOUS_MOVE = YES;
				CLANG_WARN_UNGUARDED_AVAILABILITY = YES_AGGRESSIVE;
				CLANG_WARN_UNREACHABLE_CODE = YES;
				CLANG_WARN__DUPLICATE_METHOD_MATCH = YES;
				COPY_PHASE_STRIP = NO;
				DEBUG_INFORMATION_FORMAT = dwarf;
				ENABLE_STRICT_OBJC_MSGSEND = YES;
				ENABLE_TESTABILITY = YES;
				GCC_C_LANGUAGE_STANDARD = gnu11;
				GCC_DYNAMIC_NO_PIC = NO;
				GCC_NO_COMMON_BLOCKS = YES;
				GCC_OPTIMIZATION_LEVEL = 0;
				GCC_PREPROCESSOR_DEFINITIONS = (
					"DEBUG=1",
					"$(inherited)",
				);
				GCC_WARN_64_TO_32_BIT_CONVERSION = YES;
				GCC_WARN_ABOUT_RETURN_TYPE = YES_ERROR;
				GCC_WARN_UNDECLARED_SELECTOR = YES;
				GCC_WARN_UNINITIALIZED_AUTOS = YES_AGGRESSIVE;
				GCC_WARN_UNUSED_FUNCTION = YES;
				GCC_WARN_UNUSED_VARIABLE = YES;
				IPHONEOS_DEPLOYMENT_TARGET = 13.2;
				MTL_ENABLE_DEBUG_INFO = INCLUDE_SOURCE;
				MTL_FAST_MATH = YES;
				ONLY_ACTIVE_ARCH = YES;
				SDKROOT = iphoneos;
				SWIFT_ACTIVE_COMPILATION_CONDITIONS = DEBUG;
				SWIFT_OPTIMIZATION_LEVEL = "-Onone";
			};
			name = Debug;
		};
		6E40744E242BA2E60024923B /* Release */ = {
			isa = XCBuildConfiguration;
			buildSettings = {
				ALWAYS_SEARCH_USER_PATHS = NO;
				CLANG_ANALYZER_NONNULL = YES;
				CLANG_ANALYZER_NUMBER_OBJECT_CONVERSION = YES_AGGRESSIVE;
				CLANG_CXX_LANGUAGE_STANDARD = "gnu++14";
				CLANG_CXX_LIBRARY = "libc++";
				CLANG_ENABLE_MODULES = YES;
				CLANG_ENABLE_OBJC_ARC = YES;
				CLANG_ENABLE_OBJC_WEAK = YES;
				CLANG_WARN_BLOCK_CAPTURE_AUTORELEASING = YES;
				CLANG_WARN_BOOL_CONVERSION = YES;
				CLANG_WARN_COMMA = YES;
				CLANG_WARN_CONSTANT_CONVERSION = YES;
				CLANG_WARN_DEPRECATED_OBJC_IMPLEMENTATIONS = YES;
				CLANG_WARN_DIRECT_OBJC_ISA_USAGE = YES_ERROR;
				CLANG_WARN_DOCUMENTATION_COMMENTS = YES;
				CLANG_WARN_EMPTY_BODY = YES;
				CLANG_WARN_ENUM_CONVERSION = YES;
				CLANG_WARN_INFINITE_RECURSION = YES;
				CLANG_WARN_INT_CONVERSION = YES;
				CLANG_WARN_NON_LITERAL_NULL_CONVERSION = YES;
				CLANG_WARN_OBJC_IMPLICIT_RETAIN_SELF = YES;
				CLANG_WARN_OBJC_LITERAL_CONVERSION = YES;
				CLANG_WARN_OBJC_ROOT_CLASS = YES_ERROR;
				CLANG_WARN_RANGE_LOOP_ANALYSIS = YES;
				CLANG_WARN_STRICT_PROTOTYPES = YES;
				CLANG_WARN_SUSPICIOUS_MOVE = YES;
				CLANG_WARN_UNGUARDED_AVAILABILITY = YES_AGGRESSIVE;
				CLANG_WARN_UNREACHABLE_CODE = YES;
				CLANG_WARN__DUPLICATE_METHOD_MATCH = YES;
				COPY_PHASE_STRIP = NO;
				DEBUG_INFORMATION_FORMAT = "dwarf-with-dsym";
				ENABLE_NS_ASSERTIONS = NO;
				ENABLE_STRICT_OBJC_MSGSEND = YES;
				GCC_C_LANGUAGE_STANDARD = gnu11;
				GCC_NO_COMMON_BLOCKS = YES;
				GCC_WARN_64_TO_32_BIT_CONVERSION = YES;
				GCC_WARN_ABOUT_RETURN_TYPE = YES_ERROR;
				GCC_WARN_UNDECLARED_SELECTOR = YES;
				GCC_WARN_UNINITIALIZED_AUTOS = YES_AGGRESSIVE;
				GCC_WARN_UNUSED_FUNCTION = YES;
				GCC_WARN_UNUSED_VARIABLE = YES;
				IPHONEOS_DEPLOYMENT_TARGET = 13.2;
				MTL_ENABLE_DEBUG_INFO = NO;
				MTL_FAST_MATH = YES;
				SDKROOT = iphoneos;
				SWIFT_COMPILATION_MODE = wholemodule;
				SWIFT_OPTIMIZATION_LEVEL = "-O";
				VALIDATE_PRODUCT = YES;
			};
			name = Release;
		};
		6E407450242BA2E60024923B /* Debug */ = {
			isa = XCBuildConfiguration;
			baseConfigurationReference = AE6045DCDF1EF434342D6536 /* Pods-SchedulingApp.debug.xcconfig */;
			buildSettings = {
				ASSETCATALOG_COMPILER_APPICON_NAME = AppIcon;
				CODE_SIGN_STYLE = Automatic;
				INFOPLIST_FILE = SchedulingApp/Info.plist;
				LD_RUNPATH_SEARCH_PATHS = (
					"$(inherited)",
					"@executable_path/Frameworks",
				);
				PRODUCT_BUNDLE_IDENTIFIER = PWGTC.SchedulingApp;
				PRODUCT_NAME = "$(TARGET_NAME)";
				SWIFT_VERSION = 5.0;
				TARGETED_DEVICE_FAMILY = "1,2";
			};
			name = Debug;
		};
		6E407451242BA2E60024923B /* Release */ = {
			isa = XCBuildConfiguration;
			baseConfigurationReference = BDC308AA510A5B97845E9827 /* Pods-SchedulingApp.release.xcconfig */;
			buildSettings = {
				ASSETCATALOG_COMPILER_APPICON_NAME = AppIcon;
				CODE_SIGN_STYLE = Automatic;
				INFOPLIST_FILE = SchedulingApp/Info.plist;
				LD_RUNPATH_SEARCH_PATHS = (
					"$(inherited)",
					"@executable_path/Frameworks",
				);
				PRODUCT_BUNDLE_IDENTIFIER = PWGTC.SchedulingApp;
				PRODUCT_NAME = "$(TARGET_NAME)";
				SWIFT_VERSION = 5.0;
				TARGETED_DEVICE_FAMILY = "1,2";
			};
			name = Release;
		};
		6E407453242BA2E60024923B /* Debug */ = {
			isa = XCBuildConfiguration;
			baseConfigurationReference = 95C97EF69714BF46DED11EFA /* Pods-SchedulingAppTests.debug.xcconfig */;
			buildSettings = {
				ALWAYS_EMBED_SWIFT_STANDARD_LIBRARIES = YES;
				BUNDLE_LOADER = "$(TEST_HOST)";
				CODE_SIGN_STYLE = Automatic;
				INFOPLIST_FILE = SchedulingAppTests/Info.plist;
				IPHONEOS_DEPLOYMENT_TARGET = 13.2;
				LD_RUNPATH_SEARCH_PATHS = (
					"$(inherited)",
					"@executable_path/Frameworks",
					"@loader_path/Frameworks",
				);
				PRODUCT_BUNDLE_IDENTIFIER = PWGTC.SchedulingAppTests;
				PRODUCT_NAME = "$(TARGET_NAME)";
				SWIFT_VERSION = 5.0;
				TARGETED_DEVICE_FAMILY = "1,2";
				TEST_HOST = "$(BUILT_PRODUCTS_DIR)/SchedulingApp.app/SchedulingApp";
			};
			name = Debug;
		};
		6E407454242BA2E60024923B /* Release */ = {
			isa = XCBuildConfiguration;
			baseConfigurationReference = FC8DE129ABBDF3AE9BC0BBE5 /* Pods-SchedulingAppTests.release.xcconfig */;
			buildSettings = {
				ALWAYS_EMBED_SWIFT_STANDARD_LIBRARIES = YES;
				BUNDLE_LOADER = "$(TEST_HOST)";
				CODE_SIGN_STYLE = Automatic;
				INFOPLIST_FILE = SchedulingAppTests/Info.plist;
				IPHONEOS_DEPLOYMENT_TARGET = 13.2;
				LD_RUNPATH_SEARCH_PATHS = (
					"$(inherited)",
					"@executable_path/Frameworks",
					"@loader_path/Frameworks",
				);
				PRODUCT_BUNDLE_IDENTIFIER = PWGTC.SchedulingAppTests;
				PRODUCT_NAME = "$(TARGET_NAME)";
				SWIFT_VERSION = 5.0;
				TARGETED_DEVICE_FAMILY = "1,2";
				TEST_HOST = "$(BUILT_PRODUCTS_DIR)/SchedulingApp.app/SchedulingApp";
			};
			name = Release;
		};
		6E407456242BA2E60024923B /* Debug */ = {
			isa = XCBuildConfiguration;
			baseConfigurationReference = 21CC9CEA9E9A9A22BBD58C6C /* Pods-SchedulingApp-SchedulingAppUITests.debug.xcconfig */;
			buildSettings = {
				ALWAYS_EMBED_SWIFT_STANDARD_LIBRARIES = YES;
				CODE_SIGN_STYLE = Automatic;
				INFOPLIST_FILE = SchedulingAppUITests/Info.plist;
				LD_RUNPATH_SEARCH_PATHS = (
					"$(inherited)",
					"@executable_path/Frameworks",
					"@loader_path/Frameworks",
				);
				PRODUCT_BUNDLE_IDENTIFIER = PWGTC.SchedulingAppUITests;
				PRODUCT_NAME = "$(TARGET_NAME)";
				SWIFT_VERSION = 5.0;
				TARGETED_DEVICE_FAMILY = "1,2";
				TEST_TARGET_NAME = SchedulingApp;
			};
			name = Debug;
		};
		6E407457242BA2E60024923B /* Release */ = {
			isa = XCBuildConfiguration;
			baseConfigurationReference = 9A68EC6420C8AEA6D76B16F7 /* Pods-SchedulingApp-SchedulingAppUITests.release.xcconfig */;
			buildSettings = {
				ALWAYS_EMBED_SWIFT_STANDARD_LIBRARIES = YES;
				CODE_SIGN_STYLE = Automatic;
				INFOPLIST_FILE = SchedulingAppUITests/Info.plist;
				LD_RUNPATH_SEARCH_PATHS = (
					"$(inherited)",
					"@executable_path/Frameworks",
					"@loader_path/Frameworks",
				);
				PRODUCT_BUNDLE_IDENTIFIER = PWGTC.SchedulingAppUITests;
				PRODUCT_NAME = "$(TARGET_NAME)";
				SWIFT_VERSION = 5.0;
				TARGETED_DEVICE_FAMILY = "1,2";
				TEST_TARGET_NAME = SchedulingApp;
			};
			name = Release;
		};
/* End XCBuildConfiguration section */

/* Begin XCConfigurationList section */
		6E407420242BA2E10024923B /* Build configuration list for PBXProject "SchedulingApp" */ = {
			isa = XCConfigurationList;
			buildConfigurations = (
				6E40744D242BA2E60024923B /* Debug */,
				6E40744E242BA2E60024923B /* Release */,
			);
			defaultConfigurationIsVisible = 0;
			defaultConfigurationName = Release;
		};
		6E40744F242BA2E60024923B /* Build configuration list for PBXNativeTarget "SchedulingApp" */ = {
			isa = XCConfigurationList;
			buildConfigurations = (
				6E407450242BA2E60024923B /* Debug */,
				6E407451242BA2E60024923B /* Release */,
			);
			defaultConfigurationIsVisible = 0;
			defaultConfigurationName = Release;
		};
		6E407452242BA2E60024923B /* Build configuration list for PBXNativeTarget "SchedulingAppTests" */ = {
			isa = XCConfigurationList;
			buildConfigurations = (
				6E407453242BA2E60024923B /* Debug */,
				6E407454242BA2E60024923B /* Release */,
			);
			defaultConfigurationIsVisible = 0;
			defaultConfigurationName = Release;
		};
		6E407455242BA2E60024923B /* Build configuration list for PBXNativeTarget "SchedulingAppUITests" */ = {
			isa = XCConfigurationList;
			buildConfigurations = (
				6E407456242BA2E60024923B /* Debug */,
				6E407457242BA2E60024923B /* Release */,
			);
			defaultConfigurationIsVisible = 0;
			defaultConfigurationName = Release;
		};
/* End XCConfigurationList section */
	};
	rootObject = 6E40741D242BA2E10024923B /* Project object */;
}
