// !$*UTF8*$!
{
	archiveVersion = 1;
	classes = {
	};
	objectVersion = 50;
	objects = {

/* Begin PBXBuildFile section */
		6E0D7D8923F04B4B00DC45C9 /* AppDelegate.swift in Sources */ = {isa = PBXBuildFile; fileRef = 6E0D7D8823F04B4B00DC45C9 /* AppDelegate.swift */; };
		6E0D7D8B23F04B4C00DC45C9 /* SceneDelegate.swift in Sources */ = {isa = PBXBuildFile; fileRef = 6E0D7D8A23F04B4C00DC45C9 /* SceneDelegate.swift */; };
		6E0D7D8D23F04B4C00DC45C9 /* ContentView.swift in Sources */ = {isa = PBXBuildFile; fileRef = 6E0D7D8C23F04B4C00DC45C9 /* ContentView.swift */; };
		6E0D7D8F23F04B5700DC45C9 /* Assets.xcassets in Resources */ = {isa = PBXBuildFile; fileRef = 6E0D7D8E23F04B5700DC45C9 /* Assets.xcassets */; };
		6E0D7D9223F04B5700DC45C9 /* Preview Assets.xcassets in Resources */ = {isa = PBXBuildFile; fileRef = 6E0D7D9123F04B5700DC45C9 /* Preview Assets.xcassets */; };
		6E0D7D9523F04B5700DC45C9 /* LaunchScreen.storyboard in Resources */ = {isa = PBXBuildFile; fileRef = 6E0D7D9323F04B5700DC45C9 /* LaunchScreen.storyboard */; };
		6E0D7DA023F04B5800DC45C9 /* Scheduling_AppTests.swift in Sources */ = {isa = PBXBuildFile; fileRef = 6E0D7D9F23F04B5800DC45C9 /* Scheduling_AppTests.swift */; };
		6E0D7DAB23F04B5800DC45C9 /* Scheduling_AppUITests.swift in Sources */ = {isa = PBXBuildFile; fileRef = 6E0D7DAA23F04B5800DC45C9 /* Scheduling_AppUITests.swift */; };
/* End PBXBuildFile section */

/* Begin PBXContainerItemProxy section */
		6E0D7D9C23F04B5800DC45C9 /* PBXContainerItemProxy */ = {
			isa = PBXContainerItemProxy;
			containerPortal = 6E0D7D7D23F04B4B00DC45C9 /* Project object */;
			proxyType = 1;
			remoteGlobalIDString = 6E0D7D8423F04B4B00DC45C9;
			remoteInfo = "Scheduling App";
		};
		6E0D7DA723F04B5800DC45C9 /* PBXContainerItemProxy */ = {
			isa = PBXContainerItemProxy;
			containerPortal = 6E0D7D7D23F04B4B00DC45C9 /* Project object */;
			proxyType = 1;
			remoteGlobalIDString = 6E0D7D8423F04B4B00DC45C9;
			remoteInfo = "Scheduling App";
		};
/* End PBXContainerItemProxy section */

/* Begin PBXFileReference section */
		6E0D7D8523F04B4B00DC45C9 /* Scheduling App.app */ = {isa = PBXFileReference; explicitFileType = wrapper.application; includeInIndex = 0; path = "Scheduling App.app"; sourceTree = BUILT_PRODUCTS_DIR; };
		6E0D7D8823F04B4B00DC45C9 /* AppDelegate.swift */ = {isa = PBXFileReference; lastKnownFileType = sourcecode.swift; path = AppDelegate.swift; sourceTree = "<group>"; };
		6E0D7D8A23F04B4C00DC45C9 /* SceneDelegate.swift */ = {isa = PBXFileReference; lastKnownFileType = sourcecode.swift; path = SceneDelegate.swift; sourceTree = "<group>"; };
		6E0D7D8C23F04B4C00DC45C9 /* ContentView.swift */ = {isa = PBXFileReference; lastKnownFileType = sourcecode.swift; path = ContentView.swift; sourceTree = "<group>"; };
		6E0D7D8E23F04B5700DC45C9 /* Assets.xcassets */ = {isa = PBXFileReference; lastKnownFileType = folder.assetcatalog; path = Assets.xcassets; sourceTree = "<group>"; };
		6E0D7D9123F04B5700DC45C9 /* Preview Assets.xcassets */ = {isa = PBXFileReference; lastKnownFileType = folder.assetcatalog; path = "Preview Assets.xcassets"; sourceTree = "<group>"; };
		6E0D7D9423F04B5700DC45C9 /* Base */ = {isa = PBXFileReference; lastKnownFileType = file.storyboard; name = Base; path = Base.lproj/LaunchScreen.storyboard; sourceTree = "<group>"; };
		6E0D7D9623F04B5700DC45C9 /* Info.plist */ = {isa = PBXFileReference; lastKnownFileType = text.plist.xml; path = Info.plist; sourceTree = "<group>"; };
		6E0D7D9B23F04B5800DC45C9 /* Scheduling AppTests.xctest */ = {isa = PBXFileReference; explicitFileType = wrapper.cfbundle; includeInIndex = 0; path = "Scheduling AppTests.xctest"; sourceTree = BUILT_PRODUCTS_DIR; };
		6E0D7D9F23F04B5800DC45C9 /* Scheduling_AppTests.swift */ = {isa = PBXFileReference; lastKnownFileType = sourcecode.swift; path = Scheduling_AppTests.swift; sourceTree = "<group>"; };
		6E0D7DA123F04B5800DC45C9 /* Info.plist */ = {isa = PBXFileReference; lastKnownFileType = text.plist.xml; path = Info.plist; sourceTree = "<group>"; };
		6E0D7DA623F04B5800DC45C9 /* Scheduling AppUITests.xctest */ = {isa = PBXFileReference; explicitFileType = wrapper.cfbundle; includeInIndex = 0; path = "Scheduling AppUITests.xctest"; sourceTree = BUILT_PRODUCTS_DIR; };
		6E0D7DAA23F04B5800DC45C9 /* Scheduling_AppUITests.swift */ = {isa = PBXFileReference; lastKnownFileType = sourcecode.swift; path = Scheduling_AppUITests.swift; sourceTree = "<group>"; };
		6E0D7DAC23F04B5800DC45C9 /* Info.plist */ = {isa = PBXFileReference; lastKnownFileType = text.plist.xml; path = Info.plist; sourceTree = "<group>"; };
/* End PBXFileReference section */

/* Begin PBXFrameworksBuildPhase section */
		6E0D7D8223F04B4B00DC45C9 /* Frameworks */ = {
			isa = PBXFrameworksBuildPhase;
			buildActionMask = 2147483647;
			files = (
			);
			runOnlyForDeploymentPostprocessing = 0;
		};
		6E0D7D9823F04B5800DC45C9 /* Frameworks */ = {
			isa = PBXFrameworksBuildPhase;
			buildActionMask = 2147483647;
			files = (
			);
			runOnlyForDeploymentPostprocessing = 0;
		};
		6E0D7DA323F04B5800DC45C9 /* Frameworks */ = {
			isa = PBXFrameworksBuildPhase;
			buildActionMask = 2147483647;
			files = (
			);
			runOnlyForDeploymentPostprocessing = 0;
		};
/* End PBXFrameworksBuildPhase section */

/* Begin PBXGroup section */
		6E0D7D7C23F04B4B00DC45C9 = {
			isa = PBXGroup;
			children = (
				6E0D7D8723F04B4B00DC45C9 /* Scheduling App */,
				6E0D7D9E23F04B5800DC45C9 /* Scheduling AppTests */,
				6E0D7DA923F04B5800DC45C9 /* Scheduling AppUITests */,
				6E0D7D8623F04B4B00DC45C9 /* Products */,
			);
			sourceTree = "<group>";
		};
		6E0D7D8623F04B4B00DC45C9 /* Products */ = {
			isa = PBXGroup;
			children = (
				6E0D7D8523F04B4B00DC45C9 /* Scheduling App.app */,
				6E0D7D9B23F04B5800DC45C9 /* Scheduling AppTests.xctest */,
				6E0D7DA623F04B5800DC45C9 /* Scheduling AppUITests.xctest */,
			);
			name = Products;
			sourceTree = "<group>";
		};
		6E0D7D8723F04B4B00DC45C9 /* Scheduling App */ = {
			isa = PBXGroup;
			children = (
				6E0D7D8823F04B4B00DC45C9 /* AppDelegate.swift */,
				6E0D7D8A23F04B4C00DC45C9 /* SceneDelegate.swift */,
				6E0D7D8C23F04B4C00DC45C9 /* ContentView.swift */,
				6E0D7D8E23F04B5700DC45C9 /* Assets.xcassets */,
				6E0D7D9323F04B5700DC45C9 /* LaunchScreen.storyboard */,
				6E0D7D9623F04B5700DC45C9 /* Info.plist */,
				6E0D7D9023F04B5700DC45C9 /* Preview Content */,
			);
			path = "Scheduling App";
			sourceTree = "<group>";
		};
		6E0D7D9023F04B5700DC45C9 /* Preview Content */ = {
			isa = PBXGroup;
			children = (
				6E0D7D9123F04B5700DC45C9 /* Preview Assets.xcassets */,
			);
			path = "Preview Content";
			sourceTree = "<group>";
		};
		6E0D7D9E23F04B5800DC45C9 /* Scheduling AppTests */ = {
			isa = PBXGroup;
			children = (
				6E0D7D9F23F04B5800DC45C9 /* Scheduling_AppTests.swift */,
				6E0D7DA123F04B5800DC45C9 /* Info.plist */,
			);
			path = "Scheduling AppTests";
			sourceTree = "<group>";
		};
		6E0D7DA923F04B5800DC45C9 /* Scheduling AppUITests */ = {
			isa = PBXGroup;
			children = (
				6E0D7DAA23F04B5800DC45C9 /* Scheduling_AppUITests.swift */,
				6E0D7DAC23F04B5800DC45C9 /* Info.plist */,
			);
			path = "Scheduling AppUITests";
			sourceTree = "<group>";
		};
/* End PBXGroup section */

/* Begin PBXNativeTarget section */
		6E0D7D8423F04B4B00DC45C9 /* Scheduling App */ = {
			isa = PBXNativeTarget;
			buildConfigurationList = 6E0D7DAF23F04B5800DC45C9 /* Build configuration list for PBXNativeTarget "Scheduling App" */;
			buildPhases = (
				6E0D7D8123F04B4B00DC45C9 /* Sources */,
				6E0D7D8223F04B4B00DC45C9 /* Frameworks */,
				6E0D7D8323F04B4B00DC45C9 /* Resources */,
			);
			buildRules = (
			);
			dependencies = (
			);
			name = "Scheduling App";
			productName = "Scheduling App";
			productReference = 6E0D7D8523F04B4B00DC45C9 /* Scheduling App.app */;
			productType = "com.apple.product-type.application";
		};
		6E0D7D9A23F04B5800DC45C9 /* Scheduling AppTests */ = {
			isa = PBXNativeTarget;
			buildConfigurationList = 6E0D7DB223F04B5800DC45C9 /* Build configuration list for PBXNativeTarget "Scheduling AppTests" */;
			buildPhases = (
				6E0D7D9723F04B5800DC45C9 /* Sources */,
				6E0D7D9823F04B5800DC45C9 /* Frameworks */,
				6E0D7D9923F04B5800DC45C9 /* Resources */,
			);
			buildRules = (
			);
			dependencies = (
				6E0D7D9D23F04B5800DC45C9 /* PBXTargetDependency */,
			);
			name = "Scheduling AppTests";
			productName = "Scheduling AppTests";
			productReference = 6E0D7D9B23F04B5800DC45C9 /* Scheduling AppTests.xctest */;
			productType = "com.apple.product-type.bundle.unit-test";
		};
		6E0D7DA523F04B5800DC45C9 /* Scheduling AppUITests */ = {
			isa = PBXNativeTarget;
			buildConfigurationList = 6E0D7DB523F04B5800DC45C9 /* Build configuration list for PBXNativeTarget "Scheduling AppUITests" */;
			buildPhases = (
				6E0D7DA223F04B5800DC45C9 /* Sources */,
				6E0D7DA323F04B5800DC45C9 /* Frameworks */,
				6E0D7DA423F04B5800DC45C9 /* Resources */,
			);
			buildRules = (
			);
			dependencies = (
				6E0D7DA823F04B5800DC45C9 /* PBXTargetDependency */,
			);
			name = "Scheduling AppUITests";
			productName = "Scheduling AppUITests";
			productReference = 6E0D7DA623F04B5800DC45C9 /* Scheduling AppUITests.xctest */;
			productType = "com.apple.product-type.bundle.ui-testing";
		};
/* End PBXNativeTarget section */

/* Begin PBXProject section */
		6E0D7D7D23F04B4B00DC45C9 /* Project object */ = {
			isa = PBXProject;
			attributes = {
				LastSwiftUpdateCheck = 1130;
				LastUpgradeCheck = 1130;
				ORGANIZATIONNAME = PWGTC;
				TargetAttributes = {
					6E0D7D8423F04B4B00DC45C9 = {
						CreatedOnToolsVersion = 11.3.1;
					};
					6E0D7D9A23F04B5800DC45C9 = {
						CreatedOnToolsVersion = 11.3.1;
						TestTargetID = 6E0D7D8423F04B4B00DC45C9;
					};
					6E0D7DA523F04B5800DC45C9 = {
						CreatedOnToolsVersion = 11.3.1;
						TestTargetID = 6E0D7D8423F04B4B00DC45C9;
					};
				};
			};
			buildConfigurationList = 6E0D7D8023F04B4B00DC45C9 /* Build configuration list for PBXProject "Scheduling App" */;
			compatibilityVersion = "Xcode 9.3";
			developmentRegion = en;
			hasScannedForEncodings = 0;
			knownRegions = (
				en,
				Base,
			);
			mainGroup = 6E0D7D7C23F04B4B00DC45C9;
			productRefGroup = 6E0D7D8623F04B4B00DC45C9 /* Products */;
			projectDirPath = "";
			projectRoot = "";
			targets = (
				6E0D7D8423F04B4B00DC45C9 /* Scheduling App */,
				6E0D7D9A23F04B5800DC45C9 /* Scheduling AppTests */,
				6E0D7DA523F04B5800DC45C9 /* Scheduling AppUITests */,
			);
		};
/* End PBXProject section */

/* Begin PBXResourcesBuildPhase section */
		6E0D7D8323F04B4B00DC45C9 /* Resources */ = {
			isa = PBXResourcesBuildPhase;
			buildActionMask = 2147483647;
			files = (
				6E0D7D9523F04B5700DC45C9 /* LaunchScreen.storyboard in Resources */,
				6E0D7D9223F04B5700DC45C9 /* Preview Assets.xcassets in Resources */,
				6E0D7D8F23F04B5700DC45C9 /* Assets.xcassets in Resources */,
			);
			runOnlyForDeploymentPostprocessing = 0;
		};
		6E0D7D9923F04B5800DC45C9 /* Resources */ = {
			isa = PBXResourcesBuildPhase;
			buildActionMask = 2147483647;
			files = (
			);
			runOnlyForDeploymentPostprocessing = 0;
		};
		6E0D7DA423F04B5800DC45C9 /* Resources */ = {
			isa = PBXResourcesBuildPhase;
			buildActionMask = 2147483647;
			files = (
			);
			runOnlyForDeploymentPostprocessing = 0;
		};
/* End PBXResourcesBuildPhase section */

/* Begin PBXSourcesBuildPhase section */
		6E0D7D8123F04B4B00DC45C9 /* Sources */ = {
			isa = PBXSourcesBuildPhase;
			buildActionMask = 2147483647;
			files = (
				6E0D7D8923F04B4B00DC45C9 /* AppDelegate.swift in Sources */,
				6E0D7D8B23F04B4C00DC45C9 /* SceneDelegate.swift in Sources */,
				6E0D7D8D23F04B4C00DC45C9 /* ContentView.swift in Sources */,
			);
			runOnlyForDeploymentPostprocessing = 0;
		};
		6E0D7D9723F04B5800DC45C9 /* Sources */ = {
			isa = PBXSourcesBuildPhase;
			buildActionMask = 2147483647;
			files = (
				6E0D7DA023F04B5800DC45C9 /* Scheduling_AppTests.swift in Sources */,
			);
			runOnlyForDeploymentPostprocessing = 0;
		};
		6E0D7DA223F04B5800DC45C9 /* Sources */ = {
			isa = PBXSourcesBuildPhase;
			buildActionMask = 2147483647;
			files = (
				6E0D7DAB23F04B5800DC45C9 /* Scheduling_AppUITests.swift in Sources */,
			);
			runOnlyForDeploymentPostprocessing = 0;
		};
/* End PBXSourcesBuildPhase section */

/* Begin PBXTargetDependency section */
		6E0D7D9D23F04B5800DC45C9 /* PBXTargetDependency */ = {
			isa = PBXTargetDependency;
			target = 6E0D7D8423F04B4B00DC45C9 /* Scheduling App */;
			targetProxy = 6E0D7D9C23F04B5800DC45C9 /* PBXContainerItemProxy */;
		};
		6E0D7DA823F04B5800DC45C9 /* PBXTargetDependency */ = {
			isa = PBXTargetDependency;
			target = 6E0D7D8423F04B4B00DC45C9 /* Scheduling App */;
			targetProxy = 6E0D7DA723F04B5800DC45C9 /* PBXContainerItemProxy */;
		};
/* End PBXTargetDependency section */

/* Begin PBXVariantGroup section */
		6E0D7D9323F04B5700DC45C9 /* LaunchScreen.storyboard */ = {
			isa = PBXVariantGroup;
			children = (
				6E0D7D9423F04B5700DC45C9 /* Base */,
			);
			name = LaunchScreen.storyboard;
			sourceTree = "<group>";
		};
/* End PBXVariantGroup section */

/* Begin XCBuildConfiguration section */
		6E0D7DAD23F04B5800DC45C9 /* Debug */ = {
			isa = XCBuildConfiguration;
			buildSettings = {
				ALWAYS_SEARCH_USER_PATHS = NO;
				CLANG_ANALYZER_NONNULL = YES;
				CLANG_ANALYZER_NUMBER_OBJECT_CONVERSION = YES_AGGRESSIVE;
				CLANG_CXX_LANGUAGE_STANDARD = "gnu++14";
				CLANG_CXX_LIBRARY = "libc++";
				CLANG_ENABLE_MODULES = YES;
				CLANG_ENABLE_OBJC_ARC = YES;
				CLANG_ENABLE_OBJC_WEAK = YES;
				CLANG_WARN_BLOCK_CAPTURE_AUTORELEASING = YES;
				CLANG_WARN_BOOL_CONVERSION = YES;
				CLANG_WARN_COMMA = YES;
				CLANG_WARN_CONSTANT_CONVERSION = YES;
				CLANG_WARN_DEPRECATED_OBJC_IMPLEMENTATIONS = YES;
				CLANG_WARN_DIRECT_OBJC_ISA_USAGE = YES_ERROR;
				CLANG_WARN_DOCUMENTATION_COMMENTS = YES;
				CLANG_WARN_EMPTY_BODY = YES;
				CLANG_WARN_ENUM_CONVERSION = YES;
				CLANG_WARN_INFINITE_RECURSION = YES;
				CLANG_WARN_INT_CONVERSION = YES;
				CLANG_WARN_NON_LITERAL_NULL_CONVERSION = YES;
				CLANG_WARN_OBJC_IMPLICIT_RETAIN_SELF = YES;
				CLANG_WARN_OBJC_LITERAL_CONVERSION = YES;
				CLANG_WARN_OBJC_ROOT_CLASS = YES_ERROR;
				CLANG_WARN_RANGE_LOOP_ANALYSIS = YES;
				CLANG_WARN_STRICT_PROTOTYPES = YES;
				CLANG_WARN_SUSPICIOUS_MOVE = YES;
				CLANG_WARN_UNGUARDED_AVAILABILITY = YES_AGGRESSIVE;
				CLANG_WARN_UNREACHABLE_CODE = YES;
				CLANG_WARN__DUPLICATE_METHOD_MATCH = YES;
				COPY_PHASE_STRIP = NO;
				DEBUG_INFORMATION_FORMAT = dwarf;
				ENABLE_STRICT_OBJC_MSGSEND = YES;
				ENABLE_TESTABILITY = YES;
				GCC_C_LANGUAGE_STANDARD = gnu11;
				GCC_DYNAMIC_NO_PIC = NO;
				GCC_NO_COMMON_BLOCKS = YES;
				GCC_OPTIMIZATION_LEVEL = 0;
				GCC_PREPROCESSOR_DEFINITIONS = (
					"DEBUG=1",
					"$(inherited)",
				);
				GCC_WARN_64_TO_32_BIT_CONVERSION = YES;
				GCC_WARN_ABOUT_RETURN_TYPE = YES_ERROR;
				GCC_WARN_UNDECLARED_SELECTOR = YES;
				GCC_WARN_UNINITIALIZED_AUTOS = YES_AGGRESSIVE;
				GCC_WARN_UNUSED_FUNCTION = YES;
				GCC_WARN_UNUSED_VARIABLE = YES;
				IPHONEOS_DEPLOYMENT_TARGET = 13.2;
				MTL_ENABLE_DEBUG_INFO = INCLUDE_SOURCE;
				MTL_FAST_MATH = YES;
				ONLY_ACTIVE_ARCH = YES;
				SDKROOT = iphoneos;
				SWIFT_ACTIVE_COMPILATION_CONDITIONS = DEBUG;
				SWIFT_OPTIMIZATION_LEVEL = "-Onone";
			};
			name = Debug;
		};
		6E0D7DAE23F04B5800DC45C9 /* Release */ = {
			isa = XCBuildConfiguration;
			buildSettings = {
				ALWAYS_SEARCH_USER_PATHS = NO;
				CLANG_ANALYZER_NONNULL = YES;
				CLANG_ANALYZER_NUMBER_OBJECT_CONVERSION = YES_AGGRESSIVE;
				CLANG_CXX_LANGUAGE_STANDARD = "gnu++14";
				CLANG_CXX_LIBRARY = "libc++";
				CLANG_ENABLE_MODULES = YES;
				CLANG_ENABLE_OBJC_ARC = YES;
				CLANG_ENABLE_OBJC_WEAK = YES;
				CLANG_WARN_BLOCK_CAPTURE_AUTORELEASING = YES;
				CLANG_WARN_BOOL_CONVERSION = YES;
				CLANG_WARN_COMMA = YES;
				CLANG_WARN_CONSTANT_CONVERSION = YES;
				CLANG_WARN_DEPRECATED_OBJC_IMPLEMENTATIONS = YES;
				CLANG_WARN_DIRECT_OBJC_ISA_USAGE = YES_ERROR;
				CLANG_WARN_DOCUMENTATION_COMMENTS = YES;
				CLANG_WARN_EMPTY_BODY = YES;
				CLANG_WARN_ENUM_CONVERSION = YES;
				CLANG_WARN_INFINITE_RECURSION = YES;
				CLANG_WARN_INT_CONVERSION = YES;
				CLANG_WARN_NON_LITERAL_NULL_CONVERSION = YES;
				CLANG_WARN_OBJC_IMPLICIT_RETAIN_SELF = YES;
				CLANG_WARN_OBJC_LITERAL_CONVERSION = YES;
				CLANG_WARN_OBJC_ROOT_CLASS = YES_ERROR;
				CLANG_WARN_RANGE_LOOP_ANALYSIS = YES;
				CLANG_WARN_STRICT_PROTOTYPES = YES;
				CLANG_WARN_SUSPICIOUS_MOVE = YES;
				CLANG_WARN_UNGUARDED_AVAILABILITY = YES_AGGRESSIVE;
				CLANG_WARN_UNREACHABLE_CODE = YES;
				CLANG_WARN__DUPLICATE_METHOD_MATCH = YES;
				COPY_PHASE_STRIP = NO;
				DEBUG_INFORMATION_FORMAT = "dwarf-with-dsym";
				ENABLE_NS_ASSERTIONS = NO;
				ENABLE_STRICT_OBJC_MSGSEND = YES;
				GCC_C_LANGUAGE_STANDARD = gnu11;
				GCC_NO_COMMON_BLOCKS = YES;
				GCC_WARN_64_TO_32_BIT_CONVERSION = YES;
				GCC_WARN_ABOUT_RETURN_TYPE = YES_ERROR;
				GCC_WARN_UNDECLARED_SELECTOR = YES;
				GCC_WARN_UNINITIALIZED_AUTOS = YES_AGGRESSIVE;
				GCC_WARN_UNUSED_FUNCTION = YES;
				GCC_WARN_UNUSED_VARIABLE = YES;
				IPHONEOS_DEPLOYMENT_TARGET = 13.2;
				MTL_ENABLE_DEBUG_INFO = NO;
				MTL_FAST_MATH = YES;
				SDKROOT = iphoneos;
				SWIFT_COMPILATION_MODE = wholemodule;
				SWIFT_OPTIMIZATION_LEVEL = "-O";
				VALIDATE_PRODUCT = YES;
			};
			name = Release;
		};
		6E0D7DB023F04B5800DC45C9 /* Debug */ = {
			isa = XCBuildConfiguration;
			buildSettings = {
				ASSETCATALOG_COMPILER_APPICON_NAME = AppIcon;
				CODE_SIGN_STYLE = Automatic;
				DEVELOPMENT_ASSET_PATHS = "\"Scheduling App/Preview Content\"";
				ENABLE_PREVIEWS = YES;
				INFOPLIST_FILE = "Scheduling App/Info.plist";
				LD_RUNPATH_SEARCH_PATHS = (
					"$(inherited)",
					"@executable_path/Frameworks",
				);
				PRODUCT_BUNDLE_IDENTIFIER = "PWGTC.Scheduling-App";
				PRODUCT_NAME = "$(TARGET_NAME)";
				SWIFT_VERSION = 5.0;
				TARGETED_DEVICE_FAMILY = "1,2";
			};
			name = Debug;
		};
		6E0D7DB123F04B5800DC45C9 /* Release */ = {
			isa = XCBuildConfiguration;
			buildSettings = {
				ASSETCATALOG_COMPILER_APPICON_NAME = AppIcon;
				CODE_SIGN_STYLE = Automatic;
				DEVELOPMENT_ASSET_PATHS = "\"Scheduling App/Preview Content\"";
				ENABLE_PREVIEWS = YES;
				INFOPLIST_FILE = "Scheduling App/Info.plist";
				LD_RUNPATH_SEARCH_PATHS = (
					"$(inherited)",
					"@executable_path/Frameworks",
				);
				PRODUCT_BUNDLE_IDENTIFIER = "PWGTC.Scheduling-App";
				PRODUCT_NAME = "$(TARGET_NAME)";
				SWIFT_VERSION = 5.0;
				TARGETED_DEVICE_FAMILY = "1,2";
			};
			name = Release;
		};
		6E0D7DB323F04B5800DC45C9 /* Debug */ = {
			isa = XCBuildConfiguration;
			buildSettings = {
				ALWAYS_EMBED_SWIFT_STANDARD_LIBRARIES = YES;
				BUNDLE_LOADER = "$(TEST_HOST)";
				CODE_SIGN_STYLE = Automatic;
				INFOPLIST_FILE = "Scheduling AppTests/Info.plist";
				IPHONEOS_DEPLOYMENT_TARGET = 13.2;
				LD_RUNPATH_SEARCH_PATHS = (
					"$(inherited)",
					"@executable_path/Frameworks",
					"@loader_path/Frameworks",
				);
				PRODUCT_BUNDLE_IDENTIFIER = "PWGTC.Scheduling-AppTests";
				PRODUCT_NAME = "$(TARGET_NAME)";
				SWIFT_VERSION = 5.0;
				TARGETED_DEVICE_FAMILY = "1,2";
				TEST_HOST = "$(BUILT_PRODUCTS_DIR)/Scheduling App.app/Scheduling App";
			};
			name = Debug;
		};
		6E0D7DB423F04B5800DC45C9 /* Release */ = {
			isa = XCBuildConfiguration;
			buildSettings = {
				ALWAYS_EMBED_SWIFT_STANDARD_LIBRARIES = YES;
				BUNDLE_LOADER = "$(TEST_HOST)";
				CODE_SIGN_STYLE = Automatic;
				INFOPLIST_FILE = "Scheduling AppTests/Info.plist";
				IPHONEOS_DEPLOYMENT_TARGET = 13.2;
				LD_RUNPATH_SEARCH_PATHS = (
					"$(inherited)",
					"@executable_path/Frameworks",
					"@loader_path/Frameworks",
				);
				PRODUCT_BUNDLE_IDENTIFIER = "PWGTC.Scheduling-AppTests";
				PRODUCT_NAME = "$(TARGET_NAME)";
				SWIFT_VERSION = 5.0;
				TARGETED_DEVICE_FAMILY = "1,2";
				TEST_HOST = "$(BUILT_PRODUCTS_DIR)/Scheduling App.app/Scheduling App";
			};
			name = Release;
		};
		6E0D7DB623F04B5800DC45C9 /* Debug */ = {
			isa = XCBuildConfiguration;
			buildSettings = {
				ALWAYS_EMBED_SWIFT_STANDARD_LIBRARIES = YES;
				CODE_SIGN_STYLE = Automatic;
				INFOPLIST_FILE = "Scheduling AppUITests/Info.plist";
				LD_RUNPATH_SEARCH_PATHS = (
					"$(inherited)",
					"@executable_path/Frameworks",
					"@loader_path/Frameworks",
				);
				PRODUCT_BUNDLE_IDENTIFIER = "PWGTC.Scheduling-AppUITests";
				PRODUCT_NAME = "$(TARGET_NAME)";
				SWIFT_VERSION = 5.0;
				TARGETED_DEVICE_FAMILY = "1,2";
				TEST_TARGET_NAME = "Scheduling App";
			};
			name = Debug;
		};
		6E0D7DB723F04B5800DC45C9 /* Release */ = {
			isa = XCBuildConfiguration;
			buildSettings = {
				ALWAYS_EMBED_SWIFT_STANDARD_LIBRARIES = YES;
				CODE_SIGN_STYLE = Automatic;
				INFOPLIST_FILE = "Scheduling AppUITests/Info.plist";
				LD_RUNPATH_SEARCH_PATHS = (
					"$(inherited)",
					"@executable_path/Frameworks",
					"@loader_path/Frameworks",
				);
				PRODUCT_BUNDLE_IDENTIFIER = "PWGTC.Scheduling-AppUITests";
				PRODUCT_NAME = "$(TARGET_NAME)";
				SWIFT_VERSION = 5.0;
				TARGETED_DEVICE_FAMILY = "1,2";
				TEST_TARGET_NAME = "Scheduling App";
			};
			name = Release;
		};
/* End XCBuildConfiguration section */

/* Begin XCConfigurationList section */
		6E0D7D8023F04B4B00DC45C9 /* Build configuration list for PBXProject "Scheduling App" */ = {
			isa = XCConfigurationList;
			buildConfigurations = (
				6E0D7DAD23F04B5800DC45C9 /* Debug */,
				6E0D7DAE23F04B5800DC45C9 /* Release */,
			);
			defaultConfigurationIsVisible = 0;
			defaultConfigurationName = Release;
		};
		6E0D7DAF23F04B5800DC45C9 /* Build configuration list for PBXNativeTarget "Scheduling App" */ = {
			isa = XCConfigurationList;
			buildConfigurations = (
				6E0D7DB023F04B5800DC45C9 /* Debug */,
				6E0D7DB123F04B5800DC45C9 /* Release */,
			);
			defaultConfigurationIsVisible = 0;
			defaultConfigurationName = Release;
		};
		6E0D7DB223F04B5800DC45C9 /* Build configuration list for PBXNativeTarget "Scheduling AppTests" */ = {
			isa = XCConfigurationList;
			buildConfigurations = (
				6E0D7DB323F04B5800DC45C9 /* Debug */,
				6E0D7DB423F04B5800DC45C9 /* Release */,
			);
			defaultConfigurationIsVisible = 0;
			defaultConfigurationName = Release;
		};
		6E0D7DB523F04B5800DC45C9 /* Build configuration list for PBXNativeTarget "Scheduling AppUITests" */ = {
			isa = XCConfigurationList;
			buildConfigurations = (
				6E0D7DB623F04B5800DC45C9 /* Debug */,
				6E0D7DB723F04B5800DC45C9 /* Release */,
			);
			defaultConfigurationIsVisible = 0;
			defaultConfigurationName = Release;
		};
/* End XCConfigurationList section */
	};
	rootObject = 6E0D7D7D23F04B4B00DC45C9 /* Project object */;
}
